
Microsoft Visual Studio Solution File, Format Version 12.00
# Visual Studio Version 17
VisualStudioVersion = 17.4.33213.308
MinimumVisualStudioVersion = 10.0.40219.1
Project("{FAE04EC0-301F-11D3-BF4B-00C04F79EFBC}") = "noteApp", "noteApp\noteApp.csproj", "{559A09EF-5307-491C-8737-6F4939D46317}"
EndProject
Global
	GlobalSection(SolutionConfigurationPlatforms) = preSolution
		Debug|Any CPU = Debug|Any CPU
		Release|Any CPU = Release|Any CPU
	EndGlobalSection
	GlobalSection(ProjectConfigurationPlatforms) = postSolution
		{559A09EF-5307-491C-8737-6F4939D46317}.Debug|Any CPU.ActiveCfg = Debug|Any CPU
		{559A09EF-5307-491C-8737-6F4939D46317}.Debug|Any CPU.Build.0 = Debug|Any CPU
		{559A09EF-5307-491C-8737-6F4939D46317}.Release|Any CPU.ActiveCfg = Release|Any CPU
		{559A09EF-5307-491C-8737-6F4939D46317}.Release|Any CPU.Build.0 = Release|Any CPU
	EndGlobalSection
	GlobalSection(SolutionProperties) = preSolution
		HideSolutionNode = FALSE
	EndGlobalSection
	GlobalSection(ExtensibilityGlobals) = postSolution
		SolutionGuid = {BE8BB7FC-3501-4D6D-AB92-04ECE8F8BB18}
	EndGlobalSection
EndGlobal
